
Microsoft Visual Studio Solution File, Format Version 12.00
# Visual Studio Version 17
VisualStudioVersion = 17.8.34525.116
MinimumVisualStudioVersion = 10.0.40219.1
Project("{9A19103F-16F7-4668-BE54-9A1E7A4F7556}") = "BusinessObject", "BusinessObject\BusinessObject.csproj", "{5A90CA1E-A101-4134-9A8D-3BAE2AF54F61}"
EndProject
Project("{9A19103F-16F7-4668-BE54-9A1E7A4F7556}") = "DataAccess", "DataAccess\DataAccess.csproj", "{F0864B0E-AEB9-4B80-B9C8-1DF35FB191E4}"
EndProject
Project("{9A19103F-16F7-4668-BE54-9A1E7A4F7556}") = "Repositories", "Repositories\Repositories.csproj", "{2DB331FD-520D-4242-98D2-60EAB3FFE03B}"
EndProject
Project("{9A19103F-16F7-4668-BE54-9A1E7A4F7556}") = "CarRenting_API", "CarRenting_API\CarRenting_API.csproj", "{6CC0D3F7-2244-466A-BE8E-D0257FA31B3E}"
EndProject
Project("{9A19103F-16F7-4668-BE54-9A1E7A4F7556}") = "CarRenting_Client", "CarRenting_Client\CarRenting_Client.csproj", "{E95B0C0F-AFD2-4A47-BE18-71EFB011E362}"
EndProject
Project("{9A19103F-16F7-4668-BE54-9A1E7A4F7556}") = "GrpcService", "GrpcService\GrpcService.csproj", "{8FA7E281-6AC9-4C22-B5A0-DA09FD0A925F}"
EndProject
Project("{9A19103F-16F7-4668-BE54-9A1E7A4F7556}") = "writehtml", "..\writehtml\writehtml\writehtml.csproj", "{97DBE80C-0826-4B9A-B42A-AE17D888DF65}"
EndProject
Global
	GlobalSection(SolutionConfigurationPlatforms) = preSolution
		Debug|Any CPU = Debug|Any CPU
		Release|Any CPU = Release|Any CPU
	EndGlobalSection
	GlobalSection(ProjectConfigurationPlatforms) = postSolution
		{5A90CA1E-A101-4134-9A8D-3BAE2AF54F61}.Debug|Any CPU.ActiveCfg = Debug|Any CPU
		{5A90CA1E-A101-4134-9A8D-3BAE2AF54F61}.Debug|Any CPU.Build.0 = Debug|Any CPU
		{5A90CA1E-A101-4134-9A8D-3BAE2AF54F61}.Release|Any CPU.ActiveCfg = Release|Any CPU
		{5A90CA1E-A101-4134-9A8D-3BAE2AF54F61}.Release|Any CPU.Build.0 = Release|Any CPU
		{F0864B0E-AEB9-4B80-B9C8-1DF35FB191E4}.Debug|Any CPU.ActiveCfg = Debug|Any CPU
		{F0864B0E-AEB9-4B80-B9C8-1DF35FB191E4}.Debug|Any CPU.Build.0 = Debug|Any CPU
		{F0864B0E-AEB9-4B80-B9C8-1DF35FB191E4}.Release|Any CPU.ActiveCfg = Release|Any CPU
		{F0864B0E-AEB9-4B80-B9C8-1DF35FB191E4}.Release|Any CPU.Build.0 = Release|Any CPU
		{2DB331FD-520D-4242-98D2-60EAB3FFE03B}.Debug|Any CPU.ActiveCfg = Debug|Any CPU
		{2DB331FD-520D-4242-98D2-60EAB3FFE03B}.Debug|Any CPU.Build.0 = Debug|Any CPU
		{2DB331FD-520D-4242-98D2-60EAB3FFE03B}.Release|Any CPU.ActiveCfg = Release|Any CPU
		{2DB331FD-520D-4242-98D2-60EAB3FFE03B}.Release|Any CPU.Build.0 = Release|Any CPU
		{6CC0D3F7-2244-466A-BE8E-D0257FA31B3E}.Debug|Any CPU.ActiveCfg = Debug|Any CPU
		{6CC0D3F7-2244-466A-BE8E-D0257FA31B3E}.Debug|Any CPU.Build.0 = Debug|Any CPU
		{6CC0D3F7-2244-466A-BE8E-D0257FA31B3E}.Release|Any CPU.ActiveCfg = Release|Any CPU
		{6CC0D3F7-2244-466A-BE8E-D0257FA31B3E}.Release|Any CPU.Build.0 = Release|Any CPU
		{E95B0C0F-AFD2-4A47-BE18-71EFB011E362}.Debug|Any CPU.ActiveCfg = Debug|Any CPU
		{E95B0C0F-AFD2-4A47-BE18-71EFB011E362}.Debug|Any CPU.Build.0 = Debug|Any CPU
		{E95B0C0F-AFD2-4A47-BE18-71EFB011E362}.Release|Any CPU.ActiveCfg = Release|Any CPU
		{E95B0C0F-AFD2-4A47-BE18-71EFB011E362}.Release|Any CPU.Build.0 = Release|Any CPU
		{8FA7E281-6AC9-4C22-B5A0-DA09FD0A925F}.Debug|Any CPU.ActiveCfg = Debug|Any CPU
		{8FA7E281-6AC9-4C22-B5A0-DA09FD0A925F}.Debug|Any CPU.Build.0 = Debug|Any CPU
		{8FA7E281-6AC9-4C22-B5A0-DA09FD0A925F}.Release|Any CPU.ActiveCfg = Release|Any CPU
		{8FA7E281-6AC9-4C22-B5A0-DA09FD0A925F}.Release|Any CPU.Build.0 = Release|Any CPU
		{97DBE80C-0826-4B9A-B42A-AE17D888DF65}.Debug|Any CPU.ActiveCfg = Debug|Any CPU
		{97DBE80C-0826-4B9A-B42A-AE17D888DF65}.Debug|Any CPU.Build.0 = Debug|Any CPU
		{97DBE80C-0826-4B9A-B42A-AE17D888DF65}.Release|Any CPU.ActiveCfg = Release|Any CPU
		{97DBE80C-0826-4B9A-B42A-AE17D888DF65}.Release|Any CPU.Build.0 = Release|Any CPU
	EndGlobalSection
	GlobalSection(SolutionProperties) = preSolution
		HideSolutionNode = FALSE
	EndGlobalSection
	GlobalSection(ExtensibilityGlobals) = postSolution
		SolutionGuid = {BFDC7BF7-619D-421F-87DF-5655A2661CF3}
	EndGlobalSection
EndGlobal
